#
# This file is autogenerated by pip-compile with Python 3.11
# by the following command:
#
#    pip-compile --extra=all --extra=dev --output-file=requirements.lock pyproject.toml
#
asn1crypto==1.5.1
    # via snowflake-connector-python
ast-serialize==0.5.0
    # via mypy
boto3==1.43.22
    # via snowflake-connector-python
botocore==1.43.22
    # via
    #   boto3
    #   s3transfer
    #   snowflake-connector-python
build==1.5.0
    # via
    #   pip-tools
    #   sql-connection-module (pyproject.toml)
certifi==2026.5.20
    # via
    #   requests
    #   snowflake-connector-python
cffi==2.0.0
    # via cryptography
charset-normalizer==3.4.7
    # via
    #   requests
    #   snowflake-connector-python
click==8.4.1
    # via pip-tools
colorama==0.4.6
    # via
    #   build
    #   click
    #   pytest
coverage[toml]==7.14.1
    # via pytest-cov
cryptography==48.0.0
    # via
    #   oracledb
    #   pyopenssl
    #   snowflake-connector-python
filelock==3.29.1
    # via snowflake-connector-python
idna==3.18
    # via
    #   requests
    #   snowflake-connector-python
iniconfig==2.3.0
    # via pytest
jmespath==1.1.0
    # via
    #   boto3
    #   botocore
librt==0.11.0
    # via mypy
mypy==2.1.0
    # via sql-connection-module (pyproject.toml)
mypy-extensions==1.1.0
    # via mypy
numpy==2.4.6
    # via pandas
oracledb==4.0.1
    # via sql-connection-module (pyproject.toml)
packaging==26.2
    # via
    #   build
    #   pytest
    #   snowflake-connector-python
    #   wheel
pandas==3.0.3
    # via sql-connection-module (pyproject.toml)
pathspec==1.1.1
    # via mypy
pip-tools==7.5.3
    # via sql-connection-module (pyproject.toml)
platformdirs==4.10.0
    # via snowflake-connector-python
pluggy==1.6.0
    # via
    #   pytest
    #   pytest-cov
psycopg2-binary==2.9.12
    # via sql-connection-module (pyproject.toml)
pycparser==3.0
    # via cffi
pygments==2.20.0
    # via pytest
pyjwt==2.13.0
    # via snowflake-connector-python
pymysql==1.2.0
    # via sql-connection-module (pyproject.toml)
pyodbc==5.3.0
    # via sql-connection-module (pyproject.toml)
pyopenssl==26.2.0
    # via snowflake-connector-python
pyproject-hooks==1.2.0
    # via
    #   build
    #   pip-tools
pytest==9.0.3
    # via
    #   pytest-cov
    #   sql-connection-module (pyproject.toml)
pytest-cov==7.1.0
    # via sql-connection-module (pyproject.toml)
python-dateutil==2.9.0.post0
    # via
    #   botocore
    #   pandas
pytz==2026.2
    # via snowflake-connector-python
requests==2.34.2
    # via snowflake-connector-python
ruff==0.15.15
    # via sql-connection-module (pyproject.toml)
s3transfer==0.18.0
    # via boto3
six==1.17.0
    # via python-dateutil
snowflake-connector-python==4.6.0
    # via sql-connection-module (pyproject.toml)
sortedcontainers==2.4.0
    # via snowflake-connector-python
tomlkit==0.15.0
    # via snowflake-connector-python
typing-extensions==4.15.0
    # via
    #   mypy
    #   oracledb
    #   pyopenssl
    #   snowflake-connector-python
tzdata==2026.2
    # via pandas
urllib3==2.7.0
    # via
    #   botocore
    #   requests
wheel==0.47.0
    # via pip-tools

# The following packages are considered to be unsafe in a requirements file:
# pip
# setuptools
